# Generated by buf. DO NOT EDIT.
deps:
  - remote: buf.build
    owner: beta
    repository: googleapis
    branch: main
    commit: 0b3d38cadbda4132b7dcc48e0701f23b
    digest: b1-YCqrJ4Lyb1DPIAIg8uM48fWjWKNXFXriiozLrpC2f0c=
    create_time: 2021-06-21T22:00:26.369819Z
  - remote: buf.build
    owner: elide
    repository: gust
    branch: main
    commit: d081c3cf5dc64b2789bf74b7cbfa0cea
    digest: b1-QFctmh_xg8GSFeF22FMvlTSTcyk5ie-Yb1IbxI8OElU=
    create_time: 2021-02-13T07:09:19.83884Z
  - remote: buf.build
    owner: elide
    repository: safe-html-types
    branch: main
    commit: 4b8dfa8948a94004944cceca60e62748
    digest: b1-bXAq8x46tShSeIuZnyce9OIvHO0f2Hs6ZBy3Jaut-AU=
    create_time: 2021-02-13T07:06:47.888007Z
